<?xml version="1.0" encoding="utf-8"?>
<Project ToolsVersion="4.0" xmlns="http://schemas.microsoft.com/developer/msbuild/2003">
  <ItemGroup>
    <Filter Include="Source Files">
      <UniqueIdentifier>{4FC737F1-C7A5-4376-A066-2A32D752A2FF}</UniqueIdentifier>
      <Extensions>cpp;c;cc;cxx;def;odl;idl;hpj;bat;asm;asmx</Extensions>
    </Filter>
    <Filter Include="Header Files">
      <UniqueIdentifier>{93995380-89BD-4b04-88EB-625FBE52EBFB}</UniqueIdentifier>
      <Extensions>h;hh;hpp;hxx;hm;inl;inc;xsd</Extensions>
    </Filter>
    <Filter Include="Resource Files">
      <UniqueIdentifier>{67DA6AB6-F800-4c08-8B7A-83BB121AAD01}</UniqueIdentifier>
      <Extensions>rc;ico;cur;bmp;dlg;rc2;rct;bin;rgs;gif;jpg;jpeg;jpe;resx;tiff;tif;png;wav;mfcribbon-ms</Extensions>
    </Filter>
  </ItemGroup>
  <ItemGroup>
    <ClCompile Include="Janela4.cpp">
      <Filter>Source Files</Filter>
    </ClCompile>
    <ClCompile Include="CaixaDeDialogo.cpp">
      <Filter>Source Files</Filter>
    </ClCompile>
    <ClCompile Include="CRUD_Equip.cpp">
      <Filter>Source Files</Filter>
    </ClCompile>
    <ClCompile Include="CRUD_Materiais.cpp">
      <Filter>Source Files</Filter>
    </ClCompile>
    <ClCompile Include="CRUDEquipes.cpp">
      <Filter>Source Files</Filter>
    </ClCompile>
    <ClCompile Include="CRUDFuncionarios.cpp">
      <Filter>Source Files</Filter>
    </ClCompile>
    <ClCompile Include="MenuPrincipal.cpp">
      <Filter>Source Files</Filter>
    </ClCompile>
    <ClCompile Include="Login.cpp">
      <Filter>Source Files</Filter>
    </ClCompile>
    <ClCompile Include="CadastroBuracos.cpp">
      <Filter>Source Files</Filter>
    </ClCompile>
    <ClCompile Include="ExemploDeFotos.cpp">
      <Filter>Source Files</Filter>
    </ClCompile>
    <ClCompile Include="ExemploDeInfoDeBuraco.cpp">
      <Filter>Source Files</Filter>
    </ClCompile>
    <ClCompile Include="ExemploDeRegistroDeCom.cpp">
      <Filter>Source Files</Filter>
    </ClCompile>
    <ClCompile Include="ExemploDeTelaOSNaoReportada.cpp">
      <Filter>Source Files</Filter>
    </ClCompile>
    <ClCompile Include="ExemploDeTelaOsReportada.cpp">
      <Filter>Source Files</Filter>
    </ClCompile>
    <ClCompile Include="OSConcluidaNaoReportada.cpp">
      <Filter>Source Files</Filter>
    </ClCompile>
    <ClCompile Include="OSConcluidaReportada.cpp">
      <Filter>Source Files</Filter>
    </ClCompile>
    <ClCompile Include="OS1_1.cpp">
      <Filter>Source Files</Filter>
    </ClCompile>
    <ClCompile Include="OS1_1_1.cpp">
      <Filter>Source Files</Filter>
    </ClCompile>
    <ClCompile Include="OS1_1_1_1.cpp">
      <Filter>Source Files</Filter>
    </ClCompile>
    <ClCompile Include="OS1_1_1_2.cpp">
      <Filter>Source Files</Filter>
    </ClCompile>
    <ClCompile Include="OS1_1_1_3.cpp">
      <Filter>Source Files</Filter>
    </ClCompile>
    <ClCompile Include="OS1_1_2.cpp">
      <Filter>Source Files</Filter>
    </ClCompile>
    <ClCompile Include="OS1_1_2_1.cpp">
      <Filter>Source Files</Filter>
    </ClCompile>
    <ClCompile Include="MySQLDAO.cpp">
      <Filter>Source Files</Filter>
    </ClCompile>
    <ClCompile Include="Controle_CU14.cpp">
      <Filter>Source Files</Filter>
    </ClCompile>
    <ClCompile Include="DAO_equipamento.cpp">
      <Filter>Source Files</Filter>
    </ClCompile>
    <ClCompile Include="CU01.cpp">
      <Filter>Source Files</Filter>
    </ClCompile>
    <ClCompile Include="CU02.cpp">
      <Filter>Source Files</Filter>
    </ClCompile>
    <ClCompile Include="CU03.cpp">
      <Filter>Source Files</Filter>
    </ClCompile>
    <ClCompile Include="CU06.cpp">
      <Filter>Source Files</Filter>
    </ClCompile>
    <ClCompile Include="CU07.cpp">
      <Filter>Source Files</Filter>
    </ClCompile>
    <ClCompile Include="CU08.cpp">
      <Filter>Source Files</Filter>
    </ClCompile>
    <ClCompile Include="CU09.cpp">
      <Filter>Source Files</Filter>
    </ClCompile>
    <ClCompile Include="CU10.cpp">
      <Filter>Source Files</Filter>
    </ClCompile>
    <ClCompile Include="CU11.cpp">
      <Filter>Source Files</Filter>
    </ClCompile>
    <ClCompile Include="CU12.cpp">
      <Filter>Source Files</Filter>
    </ClCompile>
    <ClCompile Include="CU13.cpp">
      <Filter>Source Files</Filter>
    </ClCompile>
    <ClCompile Include="CU14.cpp">
      <Filter>Source Files</Filter>
    </ClCompile>
    <ClCompile Include="CU15.cpp">
      <Filter>Source Files</Filter>
    </ClCompile>
    <ClCompile Include="CU16.cpp">
      <Filter>Source Files</Filter>
    </ClCompile>
    <ClCompile Include="CU17.cpp">
      <Filter>Source Files</Filter>
    </ClCompile>
    <ClCompile Include="CU18.cpp">
      <Filter>Source Files</Filter>
    </ClCompile>
    <ClCompile Include="CU19.cpp">
      <Filter>Source Files</Filter>
    </ClCompile>
    <ClCompile Include="CU20.cpp">
      <Filter>Source Files</Filter>
    </ClCompile>
    <ClCompile Include="CU21.cpp">
      <Filter>Source Files</Filter>
    </ClCompile>
    <ClCompile Include="CU22.cpp">
      <Filter>Source Files</Filter>
    </ClCompile>
    <ClCompile Include="Assessor.cpp">
      <Filter>Source Files</Filter>
    </ClCompile>
    <ClCompile Include="Buraco.cpp">
      <Filter>Source Files</Filter>
    </ClCompile>
    <ClCompile Include="Cidadao.cpp">
      <Filter>Source Files</Filter>
    </ClCompile>
    <ClCompile Include="Despachador.cpp">
      <Filter>Source Files</Filter>
    </ClCompile>
    <ClCompile Include="Equipamento.cpp">
      <Filter>Source Files</Filter>
    </ClCompile>
    <ClCompile Include="EquipeDeObras.cpp">
      <Filter>Source Files</Filter>
    </ClCompile>
    <ClCompile Include="Fatura.cpp">
      <Filter>Source Files</Filter>
    </ClCompile>
    <ClCompile Include="Fotos.cpp">
      <Filter>Source Files</Filter>
    </ClCompile>
    <ClCompile Include="Funcionário.cpp">
      <Filter>Source Files</Filter>
    </ClCompile>
    <ClCompile Include="GestorRegional.cpp">
      <Filter>Source Files</Filter>
    </ClCompile>
    <ClCompile Include="Material.cpp">
      <Filter>Source Files</Filter>
    </ClCompile>
    <ClCompile Include="Notificação.cpp">
      <Filter>Source Files</Filter>
    </ClCompile>
    <ClCompile Include="OrdemDeServiço.cpp">
      <Filter>Source Files</Filter>
    </ClCompile>
    <ClCompile Include="Recursos.cpp">
      <Filter>Source Files</Filter>
    </ClCompile>
    <ClCompile Include="TelaSistema.cpp">
      <Filter>Source Files</Filter>
    </ClCompile>
    <ClCompile Include="Usuário.cpp">
      <Filter>Source Files</Filter>
    </ClCompile>
    <ClCompile Include="DAO_Usuario.cpp">
      <Filter>Source Files</Filter>
    </ClCompile>
    <ClCompile Include="DAO_Material.cpp">
      <Filter>Source Files</Filter>
    </ClCompile>
  </ItemGroup>
  <ItemGroup>
    <ClInclude Include="Janela4.h">
      <Filter>Header Files</Filter>
    </ClInclude>
    <ClInclude Include="CaixaDeDialogo.h">
      <Filter>Header Files</Filter>
    </ClInclude>
    <ClInclude Include="CRUDEquipamentos.h">
      <Filter>Header Files</Filter>
    </ClInclude>
    <ClInclude Include="CRUDMateriais.h">
      <Filter>Header Files</Filter>
    </ClInclude>
    <ClInclude Include="resource.h">
      <Filter>Header Files</Filter>
    </ClInclude>
    <ClInclude Include="CRUDEquipes.h">
      <Filter>Header Files</Filter>
    </ClInclude>
    <ClInclude Include="CRUDFuncionarios.h">
      <Filter>Header Files</Filter>
    </ClInclude>
    <ClInclude Include="MenuPrincipal.h">
      <Filter>Header Files</Filter>
    </ClInclude>
    <ClInclude Include="Login.h">
      <Filter>Header Files</Filter>
    </ClInclude>
    <ClInclude Include="FaturasMensais.h">
      <Filter>Header Files</Filter>
    </ClInclude>
    <ClInclude Include="CadastroBuracos.h">
      <Filter>Header Files</Filter>
    </ClInclude>
    <ClInclude Include="ExemploDeFotos.h">
      <Filter>Header Files</Filter>
    </ClInclude>
    <ClInclude Include="ExemploDeInfoDeBuraco.h">
      <Filter>Header Files</Filter>
    </ClInclude>
    <ClInclude Include="ExemploDeRegistroDeCom.h">
      <Filter>Header Files</Filter>
    </ClInclude>
    <ClInclude Include="ExemploDeTelaOSNaoReportada.h">
      <Filter>Header Files</Filter>
    </ClInclude>
    <ClInclude Include="ExemploDeTelaOsReportada.h">
      <Filter>Header Files</Filter>
    </ClInclude>
    <ClInclude Include="OSConcluidaReportada.h">
      <Filter>Header Files</Filter>
    </ClInclude>
    <ClInclude Include="OS1_1.h">
      <Filter>Header Files</Filter>
    </ClInclude>
    <ClInclude Include="OS1_1_1.h">
      <Filter>Header Files</Filter>
    </ClInclude>
    <ClInclude Include="OS1_1_1_1.h">
      <Filter>Header Files</Filter>
    </ClInclude>
    <ClInclude Include="OS1_1_1_2.h">
      <Filter>Header Files</Filter>
    </ClInclude>
    <ClInclude Include="OS1_1_1_3.h">
      <Filter>Header Files</Filter>
    </ClInclude>
    <ClInclude Include="OS1_1_2.h">
      <Filter>Header Files</Filter>
    </ClInclude>
    <ClInclude Include="OS1_1_2_1.h">
      <Filter>Header Files</Filter>
    </ClInclude>
    <ClInclude Include="MySQLDAO.h">
      <Filter>Header Files</Filter>
    </ClInclude>
    <ClInclude Include="Controle_CU14.h">
      <Filter>Header Files</Filter>
    </ClInclude>
    <ClInclude Include="DAO_equipamento.h">
      <Filter>Header Files</Filter>
    </ClInclude>
    <ClInclude Include="CU01.h">
      <Filter>Header Files</Filter>
    </ClInclude>
    <ClInclude Include="CU02.h">
      <Filter>Header Files</Filter>
    </ClInclude>
    <ClInclude Include="CU03.h">
      <Filter>Header Files</Filter>
    </ClInclude>
    <ClInclude Include="CU06.h">
      <Filter>Header Files</Filter>
    </ClInclude>
    <ClInclude Include="CU07.h">
      <Filter>Header Files</Filter>
    </ClInclude>
    <ClInclude Include="CU08.h">
      <Filter>Header Files</Filter>
    </ClInclude>
    <ClInclude Include="CU09.h">
      <Filter>Header Files</Filter>
    </ClInclude>
    <ClInclude Include="CU10.h">
      <Filter>Header Files</Filter>
    </ClInclude>
    <ClInclude Include="CU11.h">
      <Filter>Header Files</Filter>
    </ClInclude>
    <ClInclude Include="CU12.h">
      <Filter>Header Files</Filter>
    </ClInclude>
    <ClInclude Include="CU13.h">
      <Filter>Header Files</Filter>
    </ClInclude>
    <ClInclude Include="CU14.h">
      <Filter>Header Files</Filter>
    </ClInclude>
    <ClInclude Include="CU15.h">
      <Filter>Header Files</Filter>
    </ClInclude>
    <ClInclude Include="CU16.h">
      <Filter>Header Files</Filter>
    </ClInclude>
    <ClInclude Include="CU17.h">
      <Filter>Header Files</Filter>
    </ClInclude>
    <ClInclude Include="CU18.h">
      <Filter>Header Files</Filter>
    </ClInclude>
    <ClInclude Include="CU19.h">
      <Filter>Header Files</Filter>
    </ClInclude>
    <ClInclude Include="CU20.h">
      <Filter>Header Files</Filter>
    </ClInclude>
    <ClInclude Include="CU21.h">
      <Filter>Header Files</Filter>
    </ClInclude>
    <ClInclude Include="CU22.h">
      <Filter>Header Files</Filter>
    </ClInclude>
    <ClInclude Include="Assessor.h">
      <Filter>Header Files</Filter>
    </ClInclude>
    <ClInclude Include="Buraco.h">
      <Filter>Header Files</Filter>
    </ClInclude>
    <ClInclude Include="Cidadao.h">
      <Filter>Header Files</Filter>
    </ClInclude>
    <ClInclude Include="Despachador.h">
      <Filter>Header Files</Filter>
    </ClInclude>
    <ClInclude Include="Equipamento.h">
      <Filter>Header Files</Filter>
    </ClInclude>
    <ClInclude Include="EquipeDeObras.h">
      <Filter>Header Files</Filter>
    </ClInclude>
    <ClInclude Include="Fatura.h">
      <Filter>Header Files</Filter>
    </ClInclude>
    <ClInclude Include="Fotos.h">
      <Filter>Header Files</Filter>
    </ClInclude>
    <ClInclude Include="Funcionário.h">
      <Filter>Header Files</Filter>
    </ClInclude>
    <ClInclude Include="GestorRegional.h">
      <Filter>Header Files</Filter>
    </ClInclude>
    <ClInclude Include="Material.h">
      <Filter>Header Files</Filter>
    </ClInclude>
    <ClInclude Include="Notificação.h">
      <Filter>Header Files</Filter>
    </ClInclude>
    <ClInclude Include="OrdemDeServiço.h">
      <Filter>Header Files</Filter>
    </ClInclude>
    <ClInclude Include="Recursos.h">
      <Filter>Header Files</Filter>
    </ClInclude>
    <ClInclude Include="Saída.h">
      <Filter>Header Files</Filter>
    </ClInclude>
    <ClInclude Include="TelaSistema.h">
      <Filter>Header Files</Filter>
    </ClInclude>
    <ClInclude Include="Usuário.h">
      <Filter>Header Files</Filter>
    </ClInclude>
    <ClInclude Include="DAO_Usuario.h">
      <Filter>Header Files</Filter>
    </ClInclude>
    <ClInclude Include="DAO_Material.h">
      <Filter>Header Files</Filter>
    </ClInclude>
  </ItemGroup>
  <ItemGroup>
    <EmbeddedResource Include="Janela4.resx">
      <Filter>Resource Files</Filter>
    </EmbeddedResource>
    <EmbeddedResource Include="CaixaDeDialogo.resx">
      <Filter>Resource Files</Filter>
    </EmbeddedResource>
    <EmbeddedResource Include="CRUDEquipamentos.resx">
      <Filter>Resource Files</Filter>
    </EmbeddedResource>
    <EmbeddedResource Include="CRUDMateriais.resx">
      <Filter>Resource Files</Filter>
    </EmbeddedResource>
    <EmbeddedResource Include="CRUDEquipes.resx">
      <Filter>Resource Files</Filter>
    </EmbeddedResource>
    <EmbeddedResource Include="CRUDFuncionarios.resx">
      <Filter>Resource Files</Filter>
    </EmbeddedResource>
    <EmbeddedResource Include="Login.resx">
      <Filter>Resource Files</Filter>
    </EmbeddedResource>
    <EmbeddedResource Include="MenuPrincipal.resx">
      <Filter>Resource Files</Filter>
    </EmbeddedResource>
    <EmbeddedResource Include="FaturasMensais.resx">
      <Filter>Resource Files</Filter>
    </EmbeddedResource>
    <EmbeddedResource Include="CadastroBuracos.resx">
      <Filter>Resource Files</Filter>
    </EmbeddedResource>
    <EmbeddedResource Include="ExemploDeFotos.resx">
      <Filter>Resource Files</Filter>
    </EmbeddedResource>
    <EmbeddedResource Include="OSConcluidaNaoReportada.resx">
      <Filter>Resource Files</Filter>
    </EmbeddedResource>
    <EmbeddedResource Include="OSConcluidaReportada.resx">
      <Filter>Resource Files</Filter>
    </EmbeddedResource>
    <EmbeddedResource Include="ExemploDeInfoDeBuraco.resx">
      <Filter>Resource Files</Filter>
    </EmbeddedResource>
    <EmbeddedResource Include="ExemploDeRegistroDeCom.resx">
      <Filter>Resource Files</Filter>
    </EmbeddedResource>
    <EmbeddedResource Include="ExemploDeTelaOSNaoReportada.resx">
      <Filter>Resource Files</Filter>
    </EmbeddedResource>
    <EmbeddedResource Include="ExemploDeTelaOsReportada.resx">
      <Filter>Resource Files</Filter>
    </EmbeddedResource>
    <EmbeddedResource Include="OS1_1.resx">
      <Filter>Resource Files</Filter>
    </EmbeddedResource>
    <EmbeddedResource Include="OS1_1_1.resx">
      <Filter>Resource Files</Filter>
    </EmbeddedResource>
    <EmbeddedResource Include="OS1_1_1_2.resx">
      <Filter>Resource Files</Filter>
    </EmbeddedResource>
    <EmbeddedResource Include="OS1_1_1_3.resx">
      <Filter>Resource Files</Filter>
    </EmbeddedResource>
    <EmbeddedResource Include="OS1_1_2.resx">
      <Filter>Resource Files</Filter>
    </EmbeddedResource>
    <EmbeddedResource Include="OS1_1_2_1.resx">
      <Filter>Resource Files</Filter>
    </EmbeddedResource>
  </ItemGroup>
  <ItemGroup>
    <ResourceCompile Include="View.rc">
      <Filter>Resource Files</Filter>
    </ResourceCompile>
  </ItemGroup>
</Project>